
Microsoft Visual Studio Solution File, Format Version 12.00
# Visual Studio 2012
Project("{FAE04EC0-301F-11D3-BF4B-00C04F79EFBC}") = "bakitaWeb", "bakitaWeb\bakitaWeb.csproj", "{33D1CFA3-3EC7-4CA2-A2F3-B96D0C9F4753}"
EndProject
Project("{FAE04EC0-301F-11D3-BF4B-00C04F79EFBC}") = "bakitaWeb.Tests", "bakitaWeb.Tests\bakitaWeb.Tests.csproj", "{996A34B3-B40D-43BA-89B8-1C60E7DDB0EE}"
EndProject
Global
	GlobalSection(SolutionConfigurationPlatforms) = preSolution
		Debug|Any CPU = Debug|Any CPU
		Release|Any CPU = Release|Any CPU
	EndGlobalSection
	GlobalSection(ProjectConfigurationPlatforms) = postSolution
		{33D1CFA3-3EC7-4CA2-A2F3-B96D0C9F4753}.Debug|Any CPU.ActiveCfg = Debug|Any CPU
		{33D1CFA3-3EC7-4CA2-A2F3-B96D0C9F4753}.Debug|Any CPU.Build.0 = Debug|Any CPU
		{33D1CFA3-3EC7-4CA2-A2F3-B96D0C9F4753}.Release|Any CPU.ActiveCfg = Release|Any CPU
		{33D1CFA3-3EC7-4CA2-A2F3-B96D0C9F4753}.Release|Any CPU.Build.0 = Release|Any CPU
		{996A34B3-B40D-43BA-89B8-1C60E7DDB0EE}.Debug|Any CPU.ActiveCfg = Debug|Any CPU
		{996A34B3-B40D-43BA-89B8-1C60E7DDB0EE}.Debug|Any CPU.Build.0 = Debug|Any CPU
		{996A34B3-B40D-43BA-89B8-1C60E7DDB0EE}.Release|Any CPU.ActiveCfg = Release|Any CPU
		{996A34B3-B40D-43BA-89B8-1C60E7DDB0EE}.Release|Any CPU.Build.0 = Release|Any CPU
	EndGlobalSection
	GlobalSection(SolutionProperties) = preSolution
		HideSolutionNode = FALSE
	EndGlobalSection
EndGlobal
